version: 1.0
shards:
  callbacks:
    github: vladfaust/callbacks.cr
    version: 0.2.0

  dotenv:
    github: gdotdesign/cr-dotenv
    version: 0.1.0

  http-params-serializable:
    github: vladfaust/http-params-serializable
    version: 0.3.0

  onyx:
    github: onyxframework/onyx
    version: 0.1.4

  onyx-http:
    github: onyxframework/http
    version: 0.1.1

  onyx-rest:
    github: onyxframework/rest
    version: 0.6.3

  radix:
    github: luislavena/radix
    version: 0.3.9

  time_format:
    github: vladfaust/time_format.cr
    version: 0.1.1

